
Microsoft Visual Studio Solution File, Format Version 12.00
# Visual Studio Version 17
VisualStudioVersion = 17.4.33213.308
MinimumVisualStudioVersion = 10.0.40219.1
Project("{FAE04EC0-301F-11D3-BF4B-00C04F79EFBC}") = "RotFrontApplication", "RotFrontApplication\RotFrontApplication.csproj", "{0C74C6A8-117C-459D-8A7A-658E2A61E21E}"
EndProject
Global
	GlobalSection(SolutionConfigurationPlatforms) = preSolution
		Debug|Any CPU = Debug|Any CPU
		Release|Any CPU = Release|Any CPU
	EndGlobalSection
	GlobalSection(ProjectConfigurationPlatforms) = postSolution
		{0C74C6A8-117C-459D-8A7A-658E2A61E21E}.Debug|Any CPU.ActiveCfg = Debug|Any CPU
		{0C74C6A8-117C-459D-8A7A-658E2A61E21E}.Debug|Any CPU.Build.0 = Debug|Any CPU
		{0C74C6A8-117C-459D-8A7A-658E2A61E21E}.Release|Any CPU.ActiveCfg = Release|Any CPU
		{0C74C6A8-117C-459D-8A7A-658E2A61E21E}.Release|Any CPU.Build.0 = Release|Any CPU
	EndGlobalSection
	GlobalSection(SolutionProperties) = preSolution
		HideSolutionNode = FALSE
	EndGlobalSection
	GlobalSection(ExtensibilityGlobals) = postSolution
		SolutionGuid = {23C7B2F0-6B80-497F-B307-8853209E6307}
	EndGlobalSection
EndGlobal
